
Microsoft Visual Studio Solution File, Format Version 12.00
# Visual Studio Version 17
VisualStudioVersion = 17.8.34330.188
MinimumVisualStudioVersion = 10.0.40219.1
Project("{FAE04EC0-301F-11D3-BF4B-00C04F79EFBC}") = "QLNH", "QLNH\QLNH.csproj", "{464F0ABD-78C6-434D-A862-277617E7757C}"
EndProject
Global
	GlobalSection(SolutionConfigurationPlatforms) = preSolution
		Debug|Any CPU = Debug|Any CPU
		Release|Any CPU = Release|Any CPU
	EndGlobalSection
	GlobalSection(ProjectConfigurationPlatforms) = postSolution
		{464F0ABD-78C6-434D-A862-277617E7757C}.Debug|Any CPU.ActiveCfg = Debug|Any CPU
		{464F0ABD-78C6-434D-A862-277617E7757C}.Debug|Any CPU.Build.0 = Debug|Any CPU
		{464F0ABD-78C6-434D-A862-277617E7757C}.Release|Any CPU.ActiveCfg = Release|Any CPU
		{464F0ABD-78C6-434D-A862-277617E7757C}.Release|Any CPU.Build.0 = Release|Any CPU
	EndGlobalSection
	GlobalSection(SolutionProperties) = preSolution
		HideSolutionNode = FALSE
	EndGlobalSection
	GlobalSection(ExtensibilityGlobals) = postSolution
		SolutionGuid = {C5334778-ECC3-4E0B-BD3C-33A26A3E2A4A}
	EndGlobalSection
EndGlobal
